
Microsoft Visual Studio Solution File, Format Version 12.00
# Visual Studio Version 16
VisualStudioVersion = 16.0.32106.194
MinimumVisualStudioVersion = 10.0.40219.1
Project("{FAE04EC0-301F-11D3-BF4B-00C04F79EFBC}") = "Pract Number 21 for MDK0104", "Pract Number 21 for MDK0104\Pract Number 21 for MDK0104.csproj", "{FCF3CDF6-23AD-4544-A758-EEACE85F5F59}"
EndProject
Project("{FAE04EC0-301F-11D3-BF4B-00C04F79EFBC}") = "Client for server Pract 21", "Client for server Pract 21\Client for server Pract 21.csproj", "{2704F819-8E02-49B7-B74E-B811D986AFB2}"
EndProject
Global
	GlobalSection(SolutionConfigurationPlatforms) = preSolution
		Debug|Any CPU = Debug|Any CPU
		Release|Any CPU = Release|Any CPU
	EndGlobalSection
	GlobalSection(ProjectConfigurationPlatforms) = postSolution
		{FCF3CDF6-23AD-4544-A758-EEACE85F5F59}.Debug|Any CPU.ActiveCfg = Debug|Any CPU
		{FCF3CDF6-23AD-4544-A758-EEACE85F5F59}.Debug|Any CPU.Build.0 = Debug|Any CPU
		{FCF3CDF6-23AD-4544-A758-EEACE85F5F59}.Release|Any CPU.ActiveCfg = Release|Any CPU
		{FCF3CDF6-23AD-4544-A758-EEACE85F5F59}.Release|Any CPU.Build.0 = Release|Any CPU
		{2704F819-8E02-49B7-B74E-B811D986AFB2}.Debug|Any CPU.ActiveCfg = Debug|Any CPU
		{2704F819-8E02-49B7-B74E-B811D986AFB2}.Debug|Any CPU.Build.0 = Debug|Any CPU
		{2704F819-8E02-49B7-B74E-B811D986AFB2}.Release|Any CPU.ActiveCfg = Release|Any CPU
		{2704F819-8E02-49B7-B74E-B811D986AFB2}.Release|Any CPU.Build.0 = Release|Any CPU
	EndGlobalSection
	GlobalSection(SolutionProperties) = preSolution
		HideSolutionNode = FALSE
	EndGlobalSection
	GlobalSection(ExtensibilityGlobals) = postSolution
		SolutionGuid = {A71EF46E-A9E6-4285-AA89-E4D57D438024}
	EndGlobalSection
EndGlobal
